
Microsoft Visual Studio Solution File, Format Version 12.00
# Visual Studio Version 16
VisualStudioVersion = 16.0.32802.440
MinimumVisualStudioVersion = 10.0.40219.1
Project("{FAE04EC0-301F-11D3-BF4B-00C04F79EFBC}") = "A3JRBAP1", "A3JRBAP1.csproj", "{38912D6D-B445-4BC8-ACD5-4BEB7F447FB6}"
EndProject
Global
	GlobalSection(SolutionConfigurationPlatforms) = preSolution
		Debug|Any CPU = Debug|Any CPU
		Release|Any CPU = Release|Any CPU
	EndGlobalSection
	GlobalSection(ProjectConfigurationPlatforms) = postSolution
		{38912D6D-B445-4BC8-ACD5-4BEB7F447FB6}.Debug|Any CPU.ActiveCfg = Debug|Any CPU
		{38912D6D-B445-4BC8-ACD5-4BEB7F447FB6}.Debug|Any CPU.Build.0 = Debug|Any CPU
		{38912D6D-B445-4BC8-ACD5-4BEB7F447FB6}.Release|Any CPU.ActiveCfg = Release|Any CPU
		{38912D6D-B445-4BC8-ACD5-4BEB7F447FB6}.Release|Any CPU.Build.0 = Release|Any CPU
	EndGlobalSection
	GlobalSection(SolutionProperties) = preSolution
		HideSolutionNode = FALSE
	EndGlobalSection
	GlobalSection(ExtensibilityGlobals) = postSolution
		SolutionGuid = {3BFD17D1-85C9-406F-A608-708ABE13B127}
	EndGlobalSection
EndGlobal
